
Microsoft Visual Studio Solution File, Format Version 12.00
# Visual Studio 15
VisualStudioVersion = 15.0.28307.421
MinimumVisualStudioVersion = 10.0.40219.1
Project("{FAE04EC0-301F-11D3-BF4B-00C04F79EFBC}") = "SortAlgorithm", "SortAlgorithm\SortAlgorithm.csproj", "{8D8D3D6B-5E32-4B4B-8C85-BC1DCA7EBD7F}"
EndProject
Global
	GlobalSection(SolutionConfigurationPlatforms) = preSolution
		Debug|Any CPU = Debug|Any CPU
		Release|Any CPU = Release|Any CPU
	EndGlobalSection
	GlobalSection(ProjectConfigurationPlatforms) = postSolution
		{8D8D3D6B-5E32-4B4B-8C85-BC1DCA7EBD7F}.Debug|Any CPU.ActiveCfg = Debug|Any CPU
		{8D8D3D6B-5E32-4B4B-8C85-BC1DCA7EBD7F}.Debug|Any CPU.Build.0 = Debug|Any CPU
		{8D8D3D6B-5E32-4B4B-8C85-BC1DCA7EBD7F}.Release|Any CPU.ActiveCfg = Release|Any CPU
		{8D8D3D6B-5E32-4B4B-8C85-BC1DCA7EBD7F}.Release|Any CPU.Build.0 = Release|Any CPU
	EndGlobalSection
	GlobalSection(SolutionProperties) = preSolution
		HideSolutionNode = FALSE
	EndGlobalSection
	GlobalSection(ExtensibilityGlobals) = postSolution
		SolutionGuid = {4A6CEC89-8AA2-4DC9-A9BD-414B4A1F480B}
	EndGlobalSection
EndGlobal
